
Microsoft Visual Studio Solution File, Format Version 12.00
# Visual Studio Version 16
VisualStudioVersion = 16.0.29102.190
MinimumVisualStudioVersion = 10.0.40219.1
Project("{FAE04EC0-301F-11D3-BF4B-00C04F79EFBC}") = "Pairing Console Test", "Pairing Console Test\Pairing Console Test.csproj", "{31768924-E979-4955-8A0F-24AFCEAECDFA}"
EndProject
Global
	GlobalSection(SolutionConfigurationPlatforms) = preSolution
		Debug|Any CPU = Debug|Any CPU
		Release|Any CPU = Release|Any CPU
	EndGlobalSection
	GlobalSection(ProjectConfigurationPlatforms) = postSolution
		{31768924-E979-4955-8A0F-24AFCEAECDFA}.Debug|Any CPU.ActiveCfg = Debug|Any CPU
		{31768924-E979-4955-8A0F-24AFCEAECDFA}.Debug|Any CPU.Build.0 = Debug|Any CPU
		{31768924-E979-4955-8A0F-24AFCEAECDFA}.Release|Any CPU.ActiveCfg = Release|Any CPU
		{31768924-E979-4955-8A0F-24AFCEAECDFA}.Release|Any CPU.Build.0 = Release|Any CPU
	EndGlobalSection
	GlobalSection(SolutionProperties) = preSolution
		HideSolutionNode = FALSE
	EndGlobalSection
	GlobalSection(ExtensibilityGlobals) = postSolution
		SolutionGuid = {B4C9C71E-35FB-4256-AD89-6B202CA35734}
	EndGlobalSection
EndGlobal
