
Microsoft Visual Studio Solution File, Format Version 12.00
# Visual Studio Version 16
VisualStudioVersion = 16.0.29102.190
MinimumVisualStudioVersion = 10.0.40219.1
Project("{FAE04EC0-301F-11D3-BF4B-00C04F79EFBC}") = "Tour0Suisse", "Tour0Suisse\Tour0Suisse.csproj", "{67ED4EAE-AD35-455E-AB6F-094BF296B6A4}"
EndProject
Global
	GlobalSection(SolutionConfigurationPlatforms) = preSolution
		Debug|Any CPU = Debug|Any CPU
		Release|Any CPU = Release|Any CPU
	EndGlobalSection
	GlobalSection(ProjectConfigurationPlatforms) = postSolution
		{67ED4EAE-AD35-455E-AB6F-094BF296B6A4}.Debug|Any CPU.ActiveCfg = Debug|Any CPU
		{67ED4EAE-AD35-455E-AB6F-094BF296B6A4}.Debug|Any CPU.Build.0 = Debug|Any CPU
		{67ED4EAE-AD35-455E-AB6F-094BF296B6A4}.Release|Any CPU.ActiveCfg = Release|Any CPU
		{67ED4EAE-AD35-455E-AB6F-094BF296B6A4}.Release|Any CPU.Build.0 = Release|Any CPU
	EndGlobalSection
	GlobalSection(SolutionProperties) = preSolution
		HideSolutionNode = FALSE
	EndGlobalSection
	GlobalSection(ExtensibilityGlobals) = postSolution
		SolutionGuid = {4BFDA7F0-6EB6-4E1E-97B8-7E13BF1B80C1}
	EndGlobalSection
EndGlobal
